// !$*UTF8*$!
{
	archiveVersion = 1;
	classes = {
	};
	objectVersion = 56;
	objects = {

/* Begin PBXBuildFile section */
		06B466852CE1AD7600CA902E /* CultivoSanoApp.swift in Sources */ = {isa = PBXBuildFile; fileRef = 06B466842CE1AD7600CA902E /* CultivoSanoApp.swift */; };
		06B466872CE1AD7600CA902E /* ContentView.swift in Sources */ = {isa = PBXBuildFile; fileRef = 06B466862CE1AD7600CA902E /* ContentView.swift */; };
		06B466892CE1AD7700CA902E /* Assets.xcassets in Resources */ = {isa = PBXBuildFile; fileRef = 06B466882CE1AD7700CA902E /* Assets.xcassets */; };
		06B4668C2CE1AD7700CA902E /* Preview Assets.xcassets in Resources */ = {isa = PBXBuildFile; fileRef = 06B4668B2CE1AD7700CA902E /* Preview Assets.xcassets */; };
		06B466952CE1ADED00CA902E /* login.swift in Sources */ = {isa = PBXBuildFile; fileRef = 06B466942CE1ADED00CA902E /* login.swift */; };
		06B466972CE1AE0500CA902E /* register.swift in Sources */ = {isa = PBXBuildFile; fileRef = 06B466962CE1AE0500CA902E /* register.swift */; };
		06B466992CE1AE2E00CA902E /* fake.swift in Sources */ = {isa = PBXBuildFile; fileRef = 06B466982CE1AE2E00CA902E /* fake.swift */; };
		06B4669B2CE1AE5000CA902E /* mis_cultivos.swift in Sources */ = {isa = PBXBuildFile; fileRef = 06B4669A2CE1AE5000CA902E /* mis_cultivos.swift */; };
		06B4669D2CE1AE6900CA902E /* Main.swift in Sources */ = {isa = PBXBuildFile; fileRef = 06B4669C2CE1AE6900CA902E /* Main.swift */; };
		06B4669F2CE1AE8100CA902E /* profile.swift in Sources */ = {isa = PBXBuildFile; fileRef = 06B4669E2CE1AE8100CA902E /* profile.swift */; };
		06B466A12CE1AE9D00CA902E /* PasswordRecover.swift in Sources */ = {isa = PBXBuildFile; fileRef = 06B466A02CE1AE9D00CA902E /* PasswordRecover.swift */; };
		06B466A32CE1AEB700CA902E /* PasswordConfirm.swift in Sources */ = {isa = PBXBuildFile; fileRef = 06B466A22CE1AEB700CA902E /* PasswordConfirm.swift */; };
		06B466A52CE1AECF00CA902E /* EnterCode.swift in Sources */ = {isa = PBXBuildFile; fileRef = 06B466A42CE1AECF00CA902E /* EnterCode.swift */; };
		06B466A72CE1B0B500CA902E /* CropItem.swift in Sources */ = {isa = PBXBuildFile; fileRef = 06B466A62CE1B0B500CA902E /* CropItem.swift */; };
		06B466A92CE1B10400CA902E /* ImagePickerView.swift in Sources */ = {isa = PBXBuildFile; fileRef = 06B466A82CE1B10400CA902E /* ImagePickerView.swift */; };
		06B466AB2CE1B14A00CA902E /* cropAnalysis.swift in Sources */ = {isa = PBXBuildFile; fileRef = 06B466AA2CE1B14A00CA902E /* cropAnalysis.swift */; };
		06B466AE2CE1B29D00CA902E /* Recomendations.swift in Sources */ = {isa = PBXBuildFile; fileRef = 06B466AD2CE1B29D00CA902E /* Recomendations.swift */; };
/* End PBXBuildFile section */

/* Begin PBXFileReference section */
		06B466812CE1AD7600CA902E /* CultivoSano.app */ = {isa = PBXFileReference; explicitFileType = wrapper.application; includeInIndex = 0; path = CultivoSano.app; sourceTree = BUILT_PRODUCTS_DIR; };
		06B466842CE1AD7600CA902E /* CultivoSanoApp.swift */ = {isa = PBXFileReference; lastKnownFileType = sourcecode.swift; path = CultivoSanoApp.swift; sourceTree = "<group>"; };
		06B466862CE1AD7600CA902E /* ContentView.swift */ = {isa = PBXFileReference; lastKnownFileType = sourcecode.swift; path = ContentView.swift; sourceTree = "<group>"; };
		06B466882CE1AD7700CA902E /* Assets.xcassets */ = {isa = PBXFileReference; lastKnownFileType = folder.assetcatalog; path = Assets.xcassets; sourceTree = "<group>"; };
		06B4668B2CE1AD7700CA902E /* Preview Assets.xcassets */ = {isa = PBXFileReference; lastKnownFileType = folder.assetcatalog; path = "Preview Assets.xcassets"; sourceTree = "<group>"; };
		06B466942CE1ADED00CA902E /* login.swift */ = {isa = PBXFileReference; lastKnownFileType = sourcecode.swift; path = login.swift; sourceTree = "<group>"; };
		06B466962CE1AE0500CA902E /* register.swift */ = {isa = PBXFileReference; lastKnownFileType = sourcecode.swift; path = register.swift; sourceTree = "<group>"; };
		06B466982CE1AE2E00CA902E /* fake.swift */ = {isa = PBXFileReference; lastKnownFileType = sourcecode.swift; path = fake.swift; sourceTree = "<group>"; };
		06B4669A2CE1AE5000CA902E /* mis_cultivos.swift */ = {isa = PBXFileReference; lastKnownFileType = sourcecode.swift; path = mis_cultivos.swift; sourceTree = "<group>"; };
		06B4669C2CE1AE6900CA902E /* Main.swift */ = {isa = PBXFileReference; lastKnownFileType = sourcecode.swift; path = Main.swift; sourceTree = "<group>"; };
		06B4669E2CE1AE8100CA902E /* profile.swift */ = {isa = PBXFileReference; lastKnownFileType = sourcecode.swift; path = profile.swift; sourceTree = "<group>"; };
		06B466A02CE1AE9D00CA902E /* PasswordRecover.swift */ = {isa = PBXFileReference; lastKnownFileType = sourcecode.swift; path = PasswordRecover.swift; sourceTree = "<group>"; };
		06B466A22CE1AEB700CA902E /* PasswordConfirm.swift */ = {isa = PBXFileReference; lastKnownFileType = sourcecode.swift; path = PasswordConfirm.swift; sourceTree = "<group>"; };
		06B466A42CE1AECF00CA902E /* EnterCode.swift */ = {isa = PBXFileReference; lastKnownFileType = sourcecode.swift; path = EnterCode.swift; sourceTree = "<group>"; };
		06B466A62CE1B0B500CA902E /* CropItem.swift */ = {isa = PBXFileReference; lastKnownFileType = sourcecode.swift; path = CropItem.swift; sourceTree = "<group>"; };
		06B466A82CE1B10400CA902E /* ImagePickerView.swift */ = {isa = PBXFileReference; lastKnownFileType = sourcecode.swift; path = ImagePickerView.swift; sourceTree = "<group>"; };
		06B466AA2CE1B14A00CA902E /* cropAnalysis.swift */ = {isa = PBXFileReference; lastKnownFileType = sourcecode.swift; path = cropAnalysis.swift; sourceTree = "<group>"; };
		06B466AD2CE1B29D00CA902E /* Recomendations.swift */ = {isa = PBXFileReference; lastKnownFileType = sourcecode.swift; path = Recomendations.swift; sourceTree = "<group>"; };
/* End PBXFileReference section */

/* Begin PBXFrameworksBuildPhase section */
		06B4667E2CE1AD7600CA902E /* Frameworks */ = {
			isa = PBXFrameworksBuildPhase;
			buildActionMask = 2147483647;
			files = (
			);
			runOnlyForDeploymentPostprocessing = 0;
		};
/* End PBXFrameworksBuildPhase section */

/* Begin PBXGroup section */
		06B466782CE1AD7600CA902E = {
			isa = PBXGroup;
			children = (
				06B466832CE1AD7600CA902E /* CultivoSano */,
				06B466822CE1AD7600CA902E /* Products */,
			);
			sourceTree = "<group>";
		};
		06B466822CE1AD7600CA902E /* Products */ = {
			isa = PBXGroup;
			children = (
				06B466812CE1AD7600CA902E /* CultivoSano.app */,
			);
			name = Products;
			sourceTree = "<group>";
		};
		06B466832CE1AD7600CA902E /* CultivoSano */ = {
			isa = PBXGroup;
			children = (
				06B466922CE1ADB300CA902E /* Services */,
				06B466932CE1ADC200CA902E /* Views */,
				06B466842CE1AD7600CA902E /* CultivoSanoApp.swift */,
				06B466862CE1AD7600CA902E /* ContentView.swift */,
				06B466882CE1AD7700CA902E /* Assets.xcassets */,
				06B4668A2CE1AD7700CA902E /* Preview Content */,
			);
			path = CultivoSano;
			sourceTree = "<group>";
		};
		06B4668A2CE1AD7700CA902E /* Preview Content */ = {
			isa = PBXGroup;
			children = (
				06B4668B2CE1AD7700CA902E /* Preview Assets.xcassets */,
			);
			path = "Preview Content";
			sourceTree = "<group>";
		};
		06B466922CE1ADB300CA902E /* Services */ = {
			isa = PBXGroup;
			children = (
				06B466AD2CE1B29D00CA902E /* Recomendations.swift */,
			);
			path = Services;
			sourceTree = "<group>";
		};
		06B466932CE1ADC200CA902E /* Views */ = {
			isa = PBXGroup;
			children = (
				06B466AC2CE1B25D00CA902E /* Subviews */,
				06B466942CE1ADED00CA902E /* login.swift */,
				06B466962CE1AE0500CA902E /* register.swift */,
				06B466982CE1AE2E00CA902E /* fake.swift */,
				06B4669A2CE1AE5000CA902E /* mis_cultivos.swift */,
				06B4669C2CE1AE6900CA902E /* Main.swift */,
				06B4669E2CE1AE8100CA902E /* profile.swift */,
				06B466A02CE1AE9D00CA902E /* PasswordRecover.swift */,
				06B466A22CE1AEB700CA902E /* PasswordConfirm.swift */,
				06B466A42CE1AECF00CA902E /* EnterCode.swift */,
				06B466A82CE1B10400CA902E /* ImagePickerView.swift */,
				06B466AA2CE1B14A00CA902E /* cropAnalysis.swift */,
			);
			path = Views;
			sourceTree = "<group>";
		};
		06B466AC2CE1B25D00CA902E /* Subviews */ = {
			isa = PBXGroup;
			children = (
				06B466A62CE1B0B500CA902E /* CropItem.swift */,
			);
			path = Subviews;
			sourceTree = "<group>";
		};
/* End PBXGroup section */

/* Begin PBXNativeTarget section */
		06B466802CE1AD7600CA902E /* CultivoSano */ = {
			isa = PBXNativeTarget;
			buildConfigurationList = 06B4668F2CE1AD7700CA902E /* Build configuration list for PBXNativeTarget "CultivoSano" */;
			buildPhases = (
				06B4667D2CE1AD7600CA902E /* Sources */,
				06B4667E2CE1AD7600CA902E /* Frameworks */,
				06B4667F2CE1AD7600CA902E /* Resources */,
			);
			buildRules = (
			);
			dependencies = (
			);
			name = CultivoSano;
			productName = CultivoSano;
			productReference = 06B466812CE1AD7600CA902E /* CultivoSano.app */;
			productType = "com.apple.product-type.application";
		};
/* End PBXNativeTarget section */

/* Begin PBXProject section */
		06B466792CE1AD7600CA902E /* Project object */ = {
			isa = PBXProject;
			attributes = {
				BuildIndependentTargetsInParallel = 1;
				LastSwiftUpdateCheck = 1520;
				LastUpgradeCheck = 1520;
				TargetAttributes = {
					06B466802CE1AD7600CA902E = {
						CreatedOnToolsVersion = 15.2;
					};
				};
			};
			buildConfigurationList = 06B4667C2CE1AD7600CA902E /* Build configuration list for PBXProject "CultivoSano" */;
			compatibilityVersion = "Xcode 14.0";
			developmentRegion = en;
			hasScannedForEncodings = 0;
			knownRegions = (
				en,
				Base,
			);
			mainGroup = 06B466782CE1AD7600CA902E;
			productRefGroup = 06B466822CE1AD7600CA902E /* Products */;
			projectDirPath = "";
			projectRoot = "";
			targets = (
				06B466802CE1AD7600CA902E /* CultivoSano */,
			);
		};
/* End PBXProject section */

/* Begin PBXResourcesBuildPhase section */
		06B4667F2CE1AD7600CA902E /* Resources */ = {
			isa = PBXResourcesBuildPhase;
			buildActionMask = 2147483647;
			files = (
				06B4668C2CE1AD7700CA902E /* Preview Assets.xcassets in Resources */,
				06B466892CE1AD7700CA902E /* Assets.xcassets in Resources */,
			);
			runOnlyForDeploymentPostprocessing = 0;
		};
/* End PBXResourcesBuildPhase section */

/* Begin PBXSourcesBuildPhase section */
		06B4667D2CE1AD7600CA902E /* Sources */ = {
			isa = PBXSourcesBuildPhase;
			buildActionMask = 2147483647;
			files = (
				06B466A72CE1B0B500CA902E /* CropItem.swift in Sources */,
				06B4669B2CE1AE5000CA902E /* mis_cultivos.swift in Sources */,
				06B4669F2CE1AE8100CA902E /* profile.swift in Sources */,
				06B466AB2CE1B14A00CA902E /* cropAnalysis.swift in Sources */,
				06B466872CE1AD7600CA902E /* ContentView.swift in Sources */,
				06B466AE2CE1B29D00CA902E /* Recomendations.swift in Sources */,
				06B466952CE1ADED00CA902E /* login.swift in Sources */,
				06B466A12CE1AE9D00CA902E /* PasswordRecover.swift in Sources */,
				06B466972CE1AE0500CA902E /* register.swift in Sources */,
				06B466992CE1AE2E00CA902E /* fake.swift in Sources */,
				06B466A32CE1AEB700CA902E /* PasswordConfirm.swift in Sources */,
				06B466A92CE1B10400CA902E /* ImagePickerView.swift in Sources */,
				06B4669D2CE1AE6900CA902E /* Main.swift in Sources */,
				06B466852CE1AD7600CA902E /* CultivoSanoApp.swift in Sources */,
				06B466A52CE1AECF00CA902E /* EnterCode.swift in Sources */,
			);
			runOnlyForDeploymentPostprocessing = 0;
		};
/* End PBXSourcesBuildPhase section */

/* Begin XCBuildConfiguration section */
		06B4668D2CE1AD7700CA902E /* Debug */ = {
			isa = XCBuildConfiguration;
			buildSettings = {
				ALWAYS_SEARCH_USER_PATHS = NO;
				ASSETCATALOG_COMPILER_GENERATE_SWIFT_ASSET_SYMBOL_EXTENSIONS = YES;
				CLANG_ANALYZER_NONNULL = YES;
				CLANG_ANALYZER_NUMBER_OBJECT_CONVERSION = YES_AGGRESSIVE;
				CLANG_CXX_LANGUAGE_STANDARD = "gnu++20";
				CLANG_ENABLE_MODULES = YES;
				CLANG_ENABLE_OBJC_ARC = YES;
				CLANG_ENABLE_OBJC_WEAK = YES;
				CLANG_WARN_BLOCK_CAPTURE_AUTORELEASING = YES;
				CLANG_WARN_BOOL_CONVERSION = YES;
				CLANG_WARN_COMMA = YES;
				CLANG_WARN_CONSTANT_CONVERSION = YES;
				CLANG_WARN_DEPRECATED_OBJC_IMPLEMENTATIONS = YES;
				CLANG_WARN_DIRECT_OBJC_ISA_USAGE = YES_ERROR;
				CLANG_WARN_DOCUMENTATION_COMMENTS = YES;
				CLANG_WARN_EMPTY_BODY = YES;
				CLANG_WARN_ENUM_CONVERSION = YES;
				CLANG_WARN_INFINITE_RECURSION = YES;
				CLANG_WARN_INT_CONVERSION = YES;
				CLANG_WARN_NON_LITERAL_NULL_CONVERSION = YES;
				CLANG_WARN_OBJC_IMPLICIT_RETAIN_SELF = YES;
				CLANG_WARN_OBJC_LITERAL_CONVERSION = YES;
				CLANG_WARN_OBJC_ROOT_CLASS = YES_ERROR;
				CLANG_WARN_QUOTED_INCLUDE_IN_FRAMEWORK_HEADER = YES;
				CLANG_WARN_RANGE_LOOP_ANALYSIS = YES;
				CLANG_WARN_STRICT_PROTOTYPES = YES;
				CLANG_WARN_SUSPICIOUS_MOVE = YES;
				CLANG_WARN_UNGUARDED_AVAILABILITY = YES_AGGRESSIVE;
				CLANG_WARN_UNREACHABLE_CODE = YES;
				CLANG_WARN__DUPLICATE_METHOD_MATCH = YES;
				COPY_PHASE_STRIP = NO;
				DEBUG_INFORMATION_FORMAT = dwarf;
				ENABLE_STRICT_OBJC_MSGSEND = YES;
				ENABLE_TESTABILITY = YES;
				ENABLE_USER_SCRIPT_SANDBOXING = YES;
				GCC_C_LANGUAGE_STANDARD = gnu17;
				GCC_DYNAMIC_NO_PIC = NO;
				GCC_NO_COMMON_BLOCKS = YES;
				GCC_OPTIMIZATION_LEVEL = 0;
				GCC_PREPROCESSOR_DEFINITIONS = (
					"DEBUG=1",
					"$(inherited)",
				);
				GCC_WARN_64_TO_32_BIT_CONVERSION = YES;
				GCC_WARN_ABOUT_RETURN_TYPE = YES_ERROR;
				GCC_WARN_UNDECLARED_SELECTOR = YES;
				GCC_WARN_UNINITIALIZED_AUTOS = YES_AGGRESSIVE;
				GCC_WARN_UNUSED_FUNCTION = YES;
				GCC_WARN_UNUSED_VARIABLE = YES;
				IPHONEOS_DEPLOYMENT_TARGET = 17.2;
				LOCALIZATION_PREFERS_STRING_CATALOGS = YES;
				MTL_ENABLE_DEBUG_INFO = INCLUDE_SOURCE;
				MTL_FAST_MATH = YES;
				ONLY_ACTIVE_ARCH = YES;
				SDKROOT = iphoneos;
				SWIFT_ACTIVE_COMPILATION_CONDITIONS = "DEBUG $(inherited)";
				SWIFT_OPTIMIZATION_LEVEL = "-Onone";
			};
			name = Debug;
		};
		06B4668E2CE1AD7700CA902E /* Release */ = {
			isa = XCBuildConfiguration;
			buildSettings = {
				ALWAYS_SEARCH_USER_PATHS = NO;
				ASSETCATALOG_COMPILER_GENERATE_SWIFT_ASSET_SYMBOL_EXTENSIONS = YES;
				CLANG_ANALYZER_NONNULL = YES;
				CLANG_ANALYZER_NUMBER_OBJECT_CONVERSION = YES_AGGRESSIVE;
				CLANG_CXX_LANGUAGE_STANDARD = "gnu++20";
				CLANG_ENABLE_MODULES = YES;
				CLANG_ENABLE_OBJC_ARC = YES;
				CLANG_ENABLE_OBJC_WEAK = YES;
				CLANG_WARN_BLOCK_CAPTURE_AUTORELEASING = YES;
				CLANG_WARN_BOOL_CONVERSION = YES;
				CLANG_WARN_COMMA = YES;
				CLANG_WARN_CONSTANT_CONVERSION = YES;
				CLANG_WARN_DEPRECATED_OBJC_IMPLEMENTATIONS = YES;
				CLANG_WARN_DIRECT_OBJC_ISA_USAGE = YES_ERROR;
				CLANG_WARN_DOCUMENTATION_COMMENTS = YES;
				CLANG_WARN_EMPTY_BODY = YES;
				CLANG_WARN_ENUM_CONVERSION = YES;
				CLANG_WARN_INFINITE_RECURSION = YES;
				CLANG_WARN_INT_CONVERSION = YES;
				CLANG_WARN_NON_LITERAL_NULL_CONVERSION = YES;
				CLANG_WARN_OBJC_IMPLICIT_RETAIN_SELF = YES;
				CLANG_WARN_OBJC_LITERAL_CONVERSION = YES;
				CLANG_WARN_OBJC_ROOT_CLASS = YES_ERROR;
				CLANG_WARN_QUOTED_INCLUDE_IN_FRAMEWORK_HEADER = YES;
				CLANG_WARN_RANGE_LOOP_ANALYSIS = YES;
				CLANG_WARN_STRICT_PROTOTYPES = YES;
				CLANG_WARN_SUSPICIOUS_MOVE = YES;
				CLANG_WARN_UNGUARDED_AVAILABILITY = YES_AGGRESSIVE;
				CLANG_WARN_UNREACHABLE_CODE = YES;
				CLANG_WARN__DUPLICATE_METHOD_MATCH = YES;
				COPY_PHASE_STRIP = NO;
				DEBUG_INFORMATION_FORMAT = "dwarf-with-dsym";
				ENABLE_NS_ASSERTIONS = NO;
				ENABLE_STRICT_OBJC_MSGSEND = YES;
				ENABLE_USER_SCRIPT_SANDBOXING = YES;
				GCC_C_LANGUAGE_STANDARD = gnu17;
				GCC_NO_COMMON_BLOCKS = YES;
				GCC_WARN_64_TO_32_BIT_CONVERSION = YES;
				GCC_WARN_ABOUT_RETURN_TYPE = YES_ERROR;
				GCC_WARN_UNDECLARED_SELECTOR = YES;
				GCC_WARN_UNINITIALIZED_AUTOS = YES_AGGRESSIVE;
				GCC_WARN_UNUSED_FUNCTION = YES;
				GCC_WARN_UNUSED_VARIABLE = YES;
				IPHONEOS_DEPLOYMENT_TARGET = 17.2;
				LOCALIZATION_PREFERS_STRING_CATALOGS = YES;
				MTL_ENABLE_DEBUG_INFO = NO;
				MTL_FAST_MATH = YES;
				SDKROOT = iphoneos;
				SWIFT_COMPILATION_MODE = wholemodule;
				VALIDATE_PRODUCT = YES;
			};
			name = Release;
		};
		06B466902CE1AD7700CA902E /* Debug */ = {
			isa = XCBuildConfiguration;
			buildSettings = {
				ASSETCATALOG_COMPILER_APPICON_NAME = AppIcon;
				ASSETCATALOG_COMPILER_GLOBAL_ACCENT_COLOR_NAME = AccentColor;
				CODE_SIGN_STYLE = Automatic;
				CURRENT_PROJECT_VERSION = 1;
				DEVELOPMENT_ASSET_PATHS = "\"CultivoSano/Preview Content\"";
				ENABLE_PREVIEWS = YES;
				GENERATE_INFOPLIST_FILE = YES;
				INFOPLIST_KEY_UIApplicationSceneManifest_Generation = YES;
				INFOPLIST_KEY_UIApplicationSupportsIndirectInputEvents = YES;
				INFOPLIST_KEY_UILaunchScreen_Generation = YES;
				INFOPLIST_KEY_UISupportedInterfaceOrientations_iPad = "UIInterfaceOrientationPortrait UIInterfaceOrientationPortraitUpsideDown UIInterfaceOrientationLandscapeLeft UIInterfaceOrientationLandscapeRight";
				INFOPLIST_KEY_UISupportedInterfaceOrientations_iPhone = "UIInterfaceOrientationPortrait UIInterfaceOrientationLandscapeLeft UIInterfaceOrientationLandscapeRight";
				LD_RUNPATH_SEARCH_PATHS = (
					"$(inherited)",
					"@executable_path/Frameworks",
				);
				MARKETING_VERSION = 1.0;
				PRODUCT_BUNDLE_IDENTIFIER = udlap.CultivoSano;
				PRODUCT_NAME = "$(TARGET_NAME)";
				SWIFT_EMIT_LOC_STRINGS = YES;
				SWIFT_VERSION = 5.0;
				TARGETED_DEVICE_FAMILY = "1,2";
			};
			name = Debug;
		};
		06B466912CE1AD7700CA902E /* Release */ = {
			isa = XCBuildConfiguration;
			buildSettings = {
				ASSETCATALOG_COMPILER_APPICON_NAME = AppIcon;
				ASSETCATALOG_COMPILER_GLOBAL_ACCENT_COLOR_NAME = AccentColor;
				CODE_SIGN_STYLE = Automatic;
				CURRENT_PROJECT_VERSION = 1;
				DEVELOPMENT_ASSET_PATHS = "\"CultivoSano/Preview Content\"";
				ENABLE_PREVIEWS = YES;
				GENERATE_INFOPLIST_FILE = YES;
				INFOPLIST_KEY_UIApplicationSceneManifest_Generation = YES;
				INFOPLIST_KEY_UIApplicationSupportsIndirectInputEvents = YES;
				INFOPLIST_KEY_UILaunchScreen_Generation = YES;
				INFOPLIST_KEY_UISupportedInterfaceOrientations_iPad = "UIInterfaceOrientationPortrait UIInterfaceOrientationPortraitUpsideDown UIInterfaceOrientationLandscapeLeft UIInterfaceOrientationLandscapeRight";
				INFOPLIST_KEY_UISupportedInterfaceOrientations_iPhone = "UIInterfaceOrientationPortrait UIInterfaceOrientationLandscapeLeft UIInterfaceOrientationLandscapeRight";
				LD_RUNPATH_SEARCH_PATHS = (
					"$(inherited)",
					"@executable_path/Frameworks",
				);
				MARKETING_VERSION = 1.0;
				PRODUCT_BUNDLE_IDENTIFIER = udlap.CultivoSano;
				PRODUCT_NAME = "$(TARGET_NAME)";
				SWIFT_EMIT_LOC_STRINGS = YES;
				SWIFT_VERSION = 5.0;
				TARGETED_DEVICE_FAMILY = "1,2";
			};
			name = Release;
		};
/* End XCBuildConfiguration section */

/* Begin XCConfigurationList section */
		06B4667C2CE1AD7600CA902E /* Build configuration list for PBXProject "CultivoSano" */ = {
			isa = XCConfigurationList;
			buildConfigurations = (
				06B4668D2CE1AD7700CA902E /* Debug */,
				06B4668E2CE1AD7700CA902E /* Release */,
			);
			defaultConfigurationIsVisible = 0;
			defaultConfigurationName = Release;
		};
		06B4668F2CE1AD7700CA902E /* Build configuration list for PBXNativeTarget "CultivoSano" */ = {
			isa = XCConfigurationList;
			buildConfigurations = (
				06B466902CE1AD7700CA902E /* Debug */,
				06B466912CE1AD7700CA902E /* Release */,
			);
			defaultConfigurationIsVisible = 0;
			defaultConfigurationName = Release;
		};
/* End XCConfigurationList section */
	};
	rootObject = 06B466792CE1AD7600CA902E /* Project object */;
}
