// !$*UTF8*$!
{
	archiveVersion = 1;
	classes = {
	};
	objectVersion = 56;
	objects = {

/* Begin PBXBuildFile section */
		0608D2D02CE18C040062CA09 /* Cultivos_SanoApp.swift in Sources */ = {isa = PBXBuildFile; fileRef = 0608D2CF2CE18C040062CA09 /* Cultivos_SanoApp.swift */; };
		0608D2D22CE18C040062CA09 /* ContentView.swift in Sources */ = {isa = PBXBuildFile; fileRef = 0608D2D12CE18C040062CA09 /* ContentView.swift */; };
		0608D2D42CE18C050062CA09 /* Assets.xcassets in Resources */ = {isa = PBXBuildFile; fileRef = 0608D2D32CE18C050062CA09 /* Assets.xcassets */; };
		0608D2D72CE18C050062CA09 /* Preview Assets.xcassets in Resources */ = {isa = PBXBuildFile; fileRef = 0608D2D62CE18C050062CA09 /* Preview Assets.xcassets */; };
		0608D2E12CE18C530062CA09 /* CropItem.swift in Sources */ = {isa = PBXBuildFile; fileRef = 0608D2E02CE18C530062CA09 /* CropItem.swift */; };
		0608D2E32CE18C700062CA09 /* Main.swift in Sources */ = {isa = PBXBuildFile; fileRef = 0608D2E22CE18C700062CA09 /* Main.swift */; };
		0608D2E52CE18C830062CA09 /* Login.swift in Sources */ = {isa = PBXBuildFile; fileRef = 0608D2E42CE18C830062CA09 /* Login.swift */; };
		0608D2E72CE18C9B0062CA09 /* Register.swift in Sources */ = {isa = PBXBuildFile; fileRef = 0608D2E62CE18C9B0062CA09 /* Register.swift */; };
		0608D2E92CE18CBC0062CA09 /* Fake.swift in Sources */ = {isa = PBXBuildFile; fileRef = 0608D2E82CE18CBC0062CA09 /* Fake.swift */; };
		0608D2EB2CE18CE30062CA09 /* Image_Picker.swift in Sources */ = {isa = PBXBuildFile; fileRef = 0608D2EA2CE18CE30062CA09 /* Image_Picker.swift */; };
		0608D2ED2CE18D0C0062CA09 /* Profile.swift in Sources */ = {isa = PBXBuildFile; fileRef = 0608D2EC2CE18D0C0062CA09 /* Profile.swift */; };
		0608D2EF2CE18D340062CA09 /* CropAnalysis.swift in Sources */ = {isa = PBXBuildFile; fileRef = 0608D2EE2CE18D340062CA09 /* CropAnalysis.swift */; };
		0608D2F12CE18D5F0062CA09 /* PasswordRecover.swift in Sources */ = {isa = PBXBuildFile; fileRef = 0608D2F02CE18D5F0062CA09 /* PasswordRecover.swift */; };
		0608D2F32CE18D760062CA09 /* PasswordConfirm.swift in Sources */ = {isa = PBXBuildFile; fileRef = 0608D2F22CE18D760062CA09 /* PasswordConfirm.swift */; };
		0608D2F52CE18D890062CA09 /* EnterCode.swift in Sources */ = {isa = PBXBuildFile; fileRef = 0608D2F42CE18D890062CA09 /* EnterCode.swift */; };
		0608D2F82CE19C430062CA09 /* Recomendations.swift in Sources */ = {isa = PBXBuildFile; fileRef = 0608D2F72CE19C430062CA09 /* Recomendations.swift */; };
/* End PBXBuildFile section */

/* Begin PBXFileReference section */
		0608D2CC2CE18C040062CA09 /* Cultivos_Sano.app */ = {isa = PBXFileReference; explicitFileType = wrapper.application; includeInIndex = 0; path = Cultivos_Sano.app; sourceTree = BUILT_PRODUCTS_DIR; };
		0608D2CF2CE18C040062CA09 /* Cultivos_SanoApp.swift */ = {isa = PBXFileReference; lastKnownFileType = sourcecode.swift; path = Cultivos_SanoApp.swift; sourceTree = "<group>"; };
		0608D2D12CE18C040062CA09 /* ContentView.swift */ = {isa = PBXFileReference; lastKnownFileType = sourcecode.swift; path = ContentView.swift; sourceTree = "<group>"; };
		0608D2D32CE18C050062CA09 /* Assets.xcassets */ = {isa = PBXFileReference; lastKnownFileType = folder.assetcatalog; path = Assets.xcassets; sourceTree = "<group>"; };
		0608D2D62CE18C050062CA09 /* Preview Assets.xcassets */ = {isa = PBXFileReference; lastKnownFileType = folder.assetcatalog; path = "Preview Assets.xcassets"; sourceTree = "<group>"; };
		0608D2E02CE18C530062CA09 /* CropItem.swift */ = {isa = PBXFileReference; lastKnownFileType = sourcecode.swift; path = CropItem.swift; sourceTree = "<group>"; };
		0608D2E22CE18C700062CA09 /* Main.swift */ = {isa = PBXFileReference; lastKnownFileType = sourcecode.swift; path = Main.swift; sourceTree = "<group>"; };
		0608D2E42CE18C830062CA09 /* Login.swift */ = {isa = PBXFileReference; lastKnownFileType = sourcecode.swift; path = Login.swift; sourceTree = "<group>"; };
		0608D2E62CE18C9B0062CA09 /* Register.swift */ = {isa = PBXFileReference; lastKnownFileType = sourcecode.swift; path = Register.swift; sourceTree = "<group>"; };
		0608D2E82CE18CBC0062CA09 /* Fake.swift */ = {isa = PBXFileReference; lastKnownFileType = sourcecode.swift; path = Fake.swift; sourceTree = "<group>"; };
		0608D2EA2CE18CE30062CA09 /* Image_Picker.swift */ = {isa = PBXFileReference; lastKnownFileType = sourcecode.swift; path = Image_Picker.swift; sourceTree = "<group>"; };
		0608D2EC2CE18D0C0062CA09 /* Profile.swift */ = {isa = PBXFileReference; lastKnownFileType = sourcecode.swift; path = Profile.swift; sourceTree = "<group>"; };
		0608D2EE2CE18D340062CA09 /* CropAnalysis.swift */ = {isa = PBXFileReference; lastKnownFileType = sourcecode.swift; path = CropAnalysis.swift; sourceTree = "<group>"; };
		0608D2F02CE18D5F0062CA09 /* PasswordRecover.swift */ = {isa = PBXFileReference; lastKnownFileType = sourcecode.swift; path = PasswordRecover.swift; sourceTree = "<group>"; };
		0608D2F22CE18D760062CA09 /* PasswordConfirm.swift */ = {isa = PBXFileReference; lastKnownFileType = sourcecode.swift; path = PasswordConfirm.swift; sourceTree = "<group>"; };
		0608D2F42CE18D890062CA09 /* EnterCode.swift */ = {isa = PBXFileReference; lastKnownFileType = sourcecode.swift; path = EnterCode.swift; sourceTree = "<group>"; };
		0608D2F72CE19C430062CA09 /* Recomendations.swift */ = {isa = PBXFileReference; lastKnownFileType = sourcecode.swift; path = Recomendations.swift; sourceTree = "<group>"; };
/* End PBXFileReference section */

/* Begin PBXFrameworksBuildPhase section */
		0608D2C92CE18C040062CA09 /* Frameworks */ = {
			isa = PBXFrameworksBuildPhase;
			buildActionMask = 2147483647;
			files = (
			);
			runOnlyForDeploymentPostprocessing = 0;
		};
/* End PBXFrameworksBuildPhase section */

/* Begin PBXGroup section */
		0608D2C32CE18C040062CA09 = {
			isa = PBXGroup;
			children = (
				0608D2CE2CE18C040062CA09 /* Cultivos_Sano */,
				0608D2CD2CE18C040062CA09 /* Products */,
			);
			sourceTree = "<group>";
		};
		0608D2CD2CE18C040062CA09 /* Products */ = {
			isa = PBXGroup;
			children = (
				0608D2CC2CE18C040062CA09 /* Cultivos_Sano.app */,
			);
			name = Products;
			sourceTree = "<group>";
		};
		0608D2CE2CE18C040062CA09 /* Cultivos_Sano */ = {
			isa = PBXGroup;
			children = (
				0608D2F62CE19C280062CA09 /* Tree */,
				0608D2DE2CE18C320062CA09 /* Views */,
				0608D2CF2CE18C040062CA09 /* Cultivos_SanoApp.swift */,
				0608D2D12CE18C040062CA09 /* ContentView.swift */,
				0608D2D32CE18C050062CA09 /* Assets.xcassets */,
				0608D2D52CE18C050062CA09 /* Preview Content */,
			);
			path = Cultivos_Sano;
			sourceTree = "<group>";
		};
		0608D2D52CE18C050062CA09 /* Preview Content */ = {
			isa = PBXGroup;
			children = (
				0608D2D62CE18C050062CA09 /* Preview Assets.xcassets */,
			);
			path = "Preview Content";
			sourceTree = "<group>";
		};
		0608D2DE2CE18C320062CA09 /* Views */ = {
			isa = PBXGroup;
			children = (
				0608D2DF2CE18C3C0062CA09 /* Subview */,
				0608D2E22CE18C700062CA09 /* Main.swift */,
				0608D2E42CE18C830062CA09 /* Login.swift */,
				0608D2E62CE18C9B0062CA09 /* Register.swift */,
				0608D2E82CE18CBC0062CA09 /* Fake.swift */,
				0608D2EA2CE18CE30062CA09 /* Image_Picker.swift */,
				0608D2EC2CE18D0C0062CA09 /* Profile.swift */,
				0608D2EE2CE18D340062CA09 /* CropAnalysis.swift */,
				0608D2F02CE18D5F0062CA09 /* PasswordRecover.swift */,
				0608D2F22CE18D760062CA09 /* PasswordConfirm.swift */,
				0608D2F42CE18D890062CA09 /* EnterCode.swift */,
			);
			path = Views;
			sourceTree = "<group>";
		};
		0608D2DF2CE18C3C0062CA09 /* Subview */ = {
			isa = PBXGroup;
			children = (
				0608D2E02CE18C530062CA09 /* CropItem.swift */,
			);
			path = Subview;
			sourceTree = "<group>";
		};
		0608D2F62CE19C280062CA09 /* Tree */ = {
			isa = PBXGroup;
			children = (
				0608D2F72CE19C430062CA09 /* Recomendations.swift */,
			);
			path = Tree;
			sourceTree = "<group>";
		};
/* End PBXGroup section */

/* Begin PBXNativeTarget section */
		0608D2CB2CE18C040062CA09 /* Cultivos_Sano */ = {
			isa = PBXNativeTarget;
			buildConfigurationList = 0608D2DA2CE18C050062CA09 /* Build configuration list for PBXNativeTarget "Cultivos_Sano" */;
			buildPhases = (
				0608D2C82CE18C040062CA09 /* Sources */,
				0608D2C92CE18C040062CA09 /* Frameworks */,
				0608D2CA2CE18C040062CA09 /* Resources */,
			);
			buildRules = (
			);
			dependencies = (
			);
			name = Cultivos_Sano;
			productName = Cultivos_Sano;
			productReference = 0608D2CC2CE18C040062CA09 /* Cultivos_Sano.app */;
			productType = "com.apple.product-type.application";
		};
/* End PBXNativeTarget section */

/* Begin PBXProject section */
		0608D2C42CE18C040062CA09 /* Project object */ = {
			isa = PBXProject;
			attributes = {
				BuildIndependentTargetsInParallel = 1;
				LastSwiftUpdateCheck = 1520;
				LastUpgradeCheck = 1520;
				TargetAttributes = {
					0608D2CB2CE18C040062CA09 = {
						CreatedOnToolsVersion = 15.2;
					};
				};
			};
			buildConfigurationList = 0608D2C72CE18C040062CA09 /* Build configuration list for PBXProject "Cultivos_Sano" */;
			compatibilityVersion = "Xcode 14.0";
			developmentRegion = en;
			hasScannedForEncodings = 0;
			knownRegions = (
				en,
				Base,
			);
			mainGroup = 0608D2C32CE18C040062CA09;
			productRefGroup = 0608D2CD2CE18C040062CA09 /* Products */;
			projectDirPath = "";
			projectRoot = "";
			targets = (
				0608D2CB2CE18C040062CA09 /* Cultivos_Sano */,
			);
		};
/* End PBXProject section */

/* Begin PBXResourcesBuildPhase section */
		0608D2CA2CE18C040062CA09 /* Resources */ = {
			isa = PBXResourcesBuildPhase;
			buildActionMask = 2147483647;
			files = (
				0608D2D72CE18C050062CA09 /* Preview Assets.xcassets in Resources */,
				0608D2D42CE18C050062CA09 /* Assets.xcassets in Resources */,
			);
			runOnlyForDeploymentPostprocessing = 0;
		};
/* End PBXResourcesBuildPhase section */

/* Begin PBXSourcesBuildPhase section */
		0608D2C82CE18C040062CA09 /* Sources */ = {
			isa = PBXSourcesBuildPhase;
			buildActionMask = 2147483647;
			files = (
				0608D2E72CE18C9B0062CA09 /* Register.swift in Sources */,
				0608D2E12CE18C530062CA09 /* CropItem.swift in Sources */,
				0608D2F12CE18D5F0062CA09 /* PasswordRecover.swift in Sources */,
				0608D2E52CE18C830062CA09 /* Login.swift in Sources */,
				0608D2D22CE18C040062CA09 /* ContentView.swift in Sources */,
				0608D2F32CE18D760062CA09 /* PasswordConfirm.swift in Sources */,
				0608D2E92CE18CBC0062CA09 /* Fake.swift in Sources */,
				0608D2F52CE18D890062CA09 /* EnterCode.swift in Sources */,
				0608D2F82CE19C430062CA09 /* Recomendations.swift in Sources */,
				0608D2E32CE18C700062CA09 /* Main.swift in Sources */,
				0608D2EB2CE18CE30062CA09 /* Image_Picker.swift in Sources */,
				0608D2ED2CE18D0C0062CA09 /* Profile.swift in Sources */,
				0608D2D02CE18C040062CA09 /* Cultivos_SanoApp.swift in Sources */,
				0608D2EF2CE18D340062CA09 /* CropAnalysis.swift in Sources */,
			);
			runOnlyForDeploymentPostprocessing = 0;
		};
/* End PBXSourcesBuildPhase section */

/* Begin XCBuildConfiguration section */
		0608D2D82CE18C050062CA09 /* Debug */ = {
			isa = XCBuildConfiguration;
			buildSettings = {
				ALWAYS_SEARCH_USER_PATHS = NO;
				ASSETCATALOG_COMPILER_GENERATE_SWIFT_ASSET_SYMBOL_EXTENSIONS = YES;
				CLANG_ANALYZER_NONNULL = YES;
				CLANG_ANALYZER_NUMBER_OBJECT_CONVERSION = YES_AGGRESSIVE;
				CLANG_CXX_LANGUAGE_STANDARD = "gnu++20";
				CLANG_ENABLE_MODULES = YES;
				CLANG_ENABLE_OBJC_ARC = YES;
				CLANG_ENABLE_OBJC_WEAK = YES;
				CLANG_WARN_BLOCK_CAPTURE_AUTORELEASING = YES;
				CLANG_WARN_BOOL_CONVERSION = YES;
				CLANG_WARN_COMMA = YES;
				CLANG_WARN_CONSTANT_CONVERSION = YES;
				CLANG_WARN_DEPRECATED_OBJC_IMPLEMENTATIONS = YES;
				CLANG_WARN_DIRECT_OBJC_ISA_USAGE = YES_ERROR;
				CLANG_WARN_DOCUMENTATION_COMMENTS = YES;
				CLANG_WARN_EMPTY_BODY = YES;
				CLANG_WARN_ENUM_CONVERSION = YES;
				CLANG_WARN_INFINITE_RECURSION = YES;
				CLANG_WARN_INT_CONVERSION = YES;
				CLANG_WARN_NON_LITERAL_NULL_CONVERSION = YES;
				CLANG_WARN_OBJC_IMPLICIT_RETAIN_SELF = YES;
				CLANG_WARN_OBJC_LITERAL_CONVERSION = YES;
				CLANG_WARN_OBJC_ROOT_CLASS = YES_ERROR;
				CLANG_WARN_QUOTED_INCLUDE_IN_FRAMEWORK_HEADER = YES;
				CLANG_WARN_RANGE_LOOP_ANALYSIS = YES;
				CLANG_WARN_STRICT_PROTOTYPES = YES;
				CLANG_WARN_SUSPICIOUS_MOVE = YES;
				CLANG_WARN_UNGUARDED_AVAILABILITY = YES_AGGRESSIVE;
				CLANG_WARN_UNREACHABLE_CODE = YES;
				CLANG_WARN__DUPLICATE_METHOD_MATCH = YES;
				COPY_PHASE_STRIP = NO;
				DEBUG_INFORMATION_FORMAT = dwarf;
				ENABLE_STRICT_OBJC_MSGSEND = YES;
				ENABLE_TESTABILITY = YES;
				ENABLE_USER_SCRIPT_SANDBOXING = YES;
				GCC_C_LANGUAGE_STANDARD = gnu17;
				GCC_DYNAMIC_NO_PIC = NO;
				GCC_NO_COMMON_BLOCKS = YES;
				GCC_OPTIMIZATION_LEVEL = 0;
				GCC_PREPROCESSOR_DEFINITIONS = (
					"DEBUG=1",
					"$(inherited)",
				);
				GCC_WARN_64_TO_32_BIT_CONVERSION = YES;
				GCC_WARN_ABOUT_RETURN_TYPE = YES_ERROR;
				GCC_WARN_UNDECLARED_SELECTOR = YES;
				GCC_WARN_UNINITIALIZED_AUTOS = YES_AGGRESSIVE;
				GCC_WARN_UNUSED_FUNCTION = YES;
				GCC_WARN_UNUSED_VARIABLE = YES;
				IPHONEOS_DEPLOYMENT_TARGET = 17.2;
				LOCALIZATION_PREFERS_STRING_CATALOGS = YES;
				MTL_ENABLE_DEBUG_INFO = INCLUDE_SOURCE;
				MTL_FAST_MATH = YES;
				ONLY_ACTIVE_ARCH = YES;
				SDKROOT = iphoneos;
				SWIFT_ACTIVE_COMPILATION_CONDITIONS = "DEBUG $(inherited)";
				SWIFT_OPTIMIZATION_LEVEL = "-Onone";
			};
			name = Debug;
		};
		0608D2D92CE18C050062CA09 /* Release */ = {
			isa = XCBuildConfiguration;
			buildSettings = {
				ALWAYS_SEARCH_USER_PATHS = NO;
				ASSETCATALOG_COMPILER_GENERATE_SWIFT_ASSET_SYMBOL_EXTENSIONS = YES;
				CLANG_ANALYZER_NONNULL = YES;
				CLANG_ANALYZER_NUMBER_OBJECT_CONVERSION = YES_AGGRESSIVE;
				CLANG_CXX_LANGUAGE_STANDARD = "gnu++20";
				CLANG_ENABLE_MODULES = YES;
				CLANG_ENABLE_OBJC_ARC = YES;
				CLANG_ENABLE_OBJC_WEAK = YES;
				CLANG_WARN_BLOCK_CAPTURE_AUTORELEASING = YES;
				CLANG_WARN_BOOL_CONVERSION = YES;
				CLANG_WARN_COMMA = YES;
				CLANG_WARN_CONSTANT_CONVERSION = YES;
				CLANG_WARN_DEPRECATED_OBJC_IMPLEMENTATIONS = YES;
				CLANG_WARN_DIRECT_OBJC_ISA_USAGE = YES_ERROR;
				CLANG_WARN_DOCUMENTATION_COMMENTS = YES;
				CLANG_WARN_EMPTY_BODY = YES;
				CLANG_WARN_ENUM_CONVERSION = YES;
				CLANG_WARN_INFINITE_RECURSION = YES;
				CLANG_WARN_INT_CONVERSION = YES;
				CLANG_WARN_NON_LITERAL_NULL_CONVERSION = YES;
				CLANG_WARN_OBJC_IMPLICIT_RETAIN_SELF = YES;
				CLANG_WARN_OBJC_LITERAL_CONVERSION = YES;
				CLANG_WARN_OBJC_ROOT_CLASS = YES_ERROR;
				CLANG_WARN_QUOTED_INCLUDE_IN_FRAMEWORK_HEADER = YES;
				CLANG_WARN_RANGE_LOOP_ANALYSIS = YES;
				CLANG_WARN_STRICT_PROTOTYPES = YES;
				CLANG_WARN_SUSPICIOUS_MOVE = YES;
				CLANG_WARN_UNGUARDED_AVAILABILITY = YES_AGGRESSIVE;
				CLANG_WARN_UNREACHABLE_CODE = YES;
				CLANG_WARN__DUPLICATE_METHOD_MATCH = YES;
				COPY_PHASE_STRIP = NO;
				DEBUG_INFORMATION_FORMAT = "dwarf-with-dsym";
				ENABLE_NS_ASSERTIONS = NO;
				ENABLE_STRICT_OBJC_MSGSEND = YES;
				ENABLE_USER_SCRIPT_SANDBOXING = YES;
				GCC_C_LANGUAGE_STANDARD = gnu17;
				GCC_NO_COMMON_BLOCKS = YES;
				GCC_WARN_64_TO_32_BIT_CONVERSION = YES;
				GCC_WARN_ABOUT_RETURN_TYPE = YES_ERROR;
				GCC_WARN_UNDECLARED_SELECTOR = YES;
				GCC_WARN_UNINITIALIZED_AUTOS = YES_AGGRESSIVE;
				GCC_WARN_UNUSED_FUNCTION = YES;
				GCC_WARN_UNUSED_VARIABLE = YES;
				IPHONEOS_DEPLOYMENT_TARGET = 17.2;
				LOCALIZATION_PREFERS_STRING_CATALOGS = YES;
				MTL_ENABLE_DEBUG_INFO = NO;
				MTL_FAST_MATH = YES;
				SDKROOT = iphoneos;
				SWIFT_COMPILATION_MODE = wholemodule;
				VALIDATE_PRODUCT = YES;
			};
			name = Release;
		};
		0608D2DB2CE18C050062CA09 /* Debug */ = {
			isa = XCBuildConfiguration;
			buildSettings = {
				ASSETCATALOG_COMPILER_APPICON_NAME = AppIcon;
				ASSETCATALOG_COMPILER_GLOBAL_ACCENT_COLOR_NAME = AccentColor;
				CODE_SIGN_STYLE = Automatic;
				CURRENT_PROJECT_VERSION = 1;
				DEVELOPMENT_ASSET_PATHS = "\"Cultivos_Sano/Preview Content\"";
				ENABLE_PREVIEWS = YES;
				GENERATE_INFOPLIST_FILE = YES;
				INFOPLIST_KEY_UIApplicationSceneManifest_Generation = YES;
				INFOPLIST_KEY_UIApplicationSupportsIndirectInputEvents = YES;
				INFOPLIST_KEY_UILaunchScreen_Generation = YES;
				INFOPLIST_KEY_UISupportedInterfaceOrientations_iPad = "UIInterfaceOrientationPortrait UIInterfaceOrientationPortraitUpsideDown UIInterfaceOrientationLandscapeLeft UIInterfaceOrientationLandscapeRight";
				INFOPLIST_KEY_UISupportedInterfaceOrientations_iPhone = "UIInterfaceOrientationPortrait UIInterfaceOrientationLandscapeLeft UIInterfaceOrientationLandscapeRight";
				LD_RUNPATH_SEARCH_PATHS = (
					"$(inherited)",
					"@executable_path/Frameworks",
				);
				MARKETING_VERSION = 1.0;
				PRODUCT_BUNDLE_IDENTIFIER = "UDLAP.Cultivos-Sano";
				PRODUCT_NAME = "$(TARGET_NAME)";
				SWIFT_EMIT_LOC_STRINGS = YES;
				SWIFT_VERSION = 5.0;
				TARGETED_DEVICE_FAMILY = "1,2";
			};
			name = Debug;
		};
		0608D2DC2CE18C050062CA09 /* Release */ = {
			isa = XCBuildConfiguration;
			buildSettings = {
				ASSETCATALOG_COMPILER_APPICON_NAME = AppIcon;
				ASSETCATALOG_COMPILER_GLOBAL_ACCENT_COLOR_NAME = AccentColor;
				CODE_SIGN_STYLE = Automatic;
				CURRENT_PROJECT_VERSION = 1;
				DEVELOPMENT_ASSET_PATHS = "\"Cultivos_Sano/Preview Content\"";
				ENABLE_PREVIEWS = YES;
				GENERATE_INFOPLIST_FILE = YES;
				INFOPLIST_KEY_UIApplicationSceneManifest_Generation = YES;
				INFOPLIST_KEY_UIApplicationSupportsIndirectInputEvents = YES;
				INFOPLIST_KEY_UILaunchScreen_Generation = YES;
				INFOPLIST_KEY_UISupportedInterfaceOrientations_iPad = "UIInterfaceOrientationPortrait UIInterfaceOrientationPortraitUpsideDown UIInterfaceOrientationLandscapeLeft UIInterfaceOrientationLandscapeRight";
				INFOPLIST_KEY_UISupportedInterfaceOrientations_iPhone = "UIInterfaceOrientationPortrait UIInterfaceOrientationLandscapeLeft UIInterfaceOrientationLandscapeRight";
				LD_RUNPATH_SEARCH_PATHS = (
					"$(inherited)",
					"@executable_path/Frameworks",
				);
				MARKETING_VERSION = 1.0;
				PRODUCT_BUNDLE_IDENTIFIER = "UDLAP.Cultivos-Sano";
				PRODUCT_NAME = "$(TARGET_NAME)";
				SWIFT_EMIT_LOC_STRINGS = YES;
				SWIFT_VERSION = 5.0;
				TARGETED_DEVICE_FAMILY = "1,2";
			};
			name = Release;
		};
/* End XCBuildConfiguration section */

/* Begin XCConfigurationList section */
		0608D2C72CE18C040062CA09 /* Build configuration list for PBXProject "Cultivos_Sano" */ = {
			isa = XCConfigurationList;
			buildConfigurations = (
				0608D2D82CE18C050062CA09 /* Debug */,
				0608D2D92CE18C050062CA09 /* Release */,
			);
			defaultConfigurationIsVisible = 0;
			defaultConfigurationName = Release;
		};
		0608D2DA2CE18C050062CA09 /* Build configuration list for PBXNativeTarget "Cultivos_Sano" */ = {
			isa = XCConfigurationList;
			buildConfigurations = (
				0608D2DB2CE18C050062CA09 /* Debug */,
				0608D2DC2CE18C050062CA09 /* Release */,
			);
			defaultConfigurationIsVisible = 0;
			defaultConfigurationName = Release;
		};
/* End XCConfigurationList section */
	};
	rootObject = 0608D2C42CE18C040062CA09 /* Project object */;
}
